# This file is automatically @generated by Cargo.
# It is not intended for manual editing.
version = 3

[[package]]
name = "rusquitto-broker"
version = "2.1.2"
dependencies = [
 "rusquitto-core",
 "rusquitto-protocol",
]

[[package]]
name = "rusquitto-core"
version = "2.1.2"
dependencies = [
 "rusquitto-protocol",
]

[[package]]
name = "rusquitto-protocol"
version = "2.1.2"
